
Microsoft Visual Studio Solution File, Format Version 12.00
# Visual Studio Version 17
VisualStudioVersion = 17.4.33205.214
MinimumVisualStudioVersion = 10.0.40219.1
Project("{FAE04EC0-301F-11D3-BF4B-00C04F79EFBC}") = "Test", "Test.csproj", "{D91887BF-EBC6-4F49-B057-9CF677E7875E}"
EndProject
Global
	GlobalSection(SolutionConfigurationPlatforms) = preSolution
		Debug|Any CPU = Debug|Any CPU
		Release|Any CPU = Release|Any CPU
	EndGlobalSection
	GlobalSection(ProjectConfigurationPlatforms) = postSolution
		{D91887BF-EBC6-4F49-B057-9CF677E7875E}.Debug|Any CPU.ActiveCfg = Debug|Any CPU
		{D91887BF-EBC6-4F49-B057-9CF677E7875E}.Debug|Any CPU.Build.0 = Debug|Any CPU
		{D91887BF-EBC6-4F49-B057-9CF677E7875E}.Release|Any CPU.ActiveCfg = Release|Any CPU
		{D91887BF-EBC6-4F49-B057-9CF677E7875E}.Release|Any CPU.Build.0 = Release|Any CPU
	EndGlobalSection
	GlobalSection(SolutionProperties) = preSolution
		HideSolutionNode = FALSE
	EndGlobalSection
	GlobalSection(ExtensibilityGlobals) = postSolution
		SolutionGuid = {92C412F1-9CE0-4988-8045-1FAD87743BDE}
	EndGlobalSection
EndGlobal
